
Microsoft Visual Studio Solution File, Format Version 12.00
# Visual Studio Version 17
VisualStudioVersion = 17.2.32630.192
MinimumVisualStudioVersion = 10.0.40219.1
Project("{FAE04EC0-301F-11D3-BF4B-00C04F79EFBC}") = "EnigmaChat06112022", "EnigmaChat06112022\EnigmaChat06112022.csproj", "{DE469AD5-1B86-42D6-A525-661B5DADD826}"
EndProject
Global
	GlobalSection(SolutionConfigurationPlatforms) = preSolution
		Debug|Any CPU = Debug|Any CPU
		Release|Any CPU = Release|Any CPU
	EndGlobalSection
	GlobalSection(ProjectConfigurationPlatforms) = postSolution
		{DE469AD5-1B86-42D6-A525-661B5DADD826}.Debug|Any CPU.ActiveCfg = Debug|Any CPU
		{DE469AD5-1B86-42D6-A525-661B5DADD826}.Debug|Any CPU.Build.0 = Debug|Any CPU
		{DE469AD5-1B86-42D6-A525-661B5DADD826}.Debug|Any CPU.Deploy.0 = Debug|Any CPU
		{DE469AD5-1B86-42D6-A525-661B5DADD826}.Release|Any CPU.ActiveCfg = Release|Any CPU
		{DE469AD5-1B86-42D6-A525-661B5DADD826}.Release|Any CPU.Build.0 = Release|Any CPU
		{DE469AD5-1B86-42D6-A525-661B5DADD826}.Release|Any CPU.Deploy.0 = Release|Any CPU
	EndGlobalSection
	GlobalSection(SolutionProperties) = preSolution
		HideSolutionNode = FALSE
	EndGlobalSection
	GlobalSection(ExtensibilityGlobals) = postSolution
		SolutionGuid = {3FE043F6-1332-46BE-AF7C-2DEBC0DE4349}
	EndGlobalSection
EndGlobal
